{
  "name": "ng-timeout",
  "version": "0.0.1",
  "lockfileVersion": 1,
  "requires": true,
  "dependencies": {
    "component-emitter": {
      "version": "1.2.1",
      "resolved": "https://registry.npmjs.org/component-emitter/-/component-emitter-1.2.1.tgz",
      "integrity": "sha1-E3kY1teCg/ffemt8WmPhQOaUJeY="
    },
    "storage-emitter": {
      "version": "2.0.1",
      "resolved": "https://registry.npmjs.org/storage-emitter/-/storage-emitter-2.0.1.tgz",
      "integrity": "sha1-ggGjrUBohFey2tmz2U7KmLZBZUI=",
      "requires": {
        "component-emitter": "1.2.1"
      }
    }
  }
}
